
Microsoft Visual Studio Solution File, Format Version 12.00
# Visual Studio Version 16
VisualStudioVersion = 16.0.31229.75
MinimumVisualStudioVersion = 10.0.40219.1
Project("{FAE04EC0-301F-11D3-BF4B-00C04F79EFBC}") = "SezarHash", "SezarHash\SezarHash.csproj", "{4368DF8F-FB8D-4382-94C6-456FBCEEA163}"
EndProject
Project("{54435603-DBB4-11D2-8724-00A0C9A8B90C}") = "Setup", "Setup\Setup.vdproj", "{18278EC7-1B22-4181-AD6F-BE98D3D66B58}"
EndProject
Global
	GlobalSection(SolutionConfigurationPlatforms) = preSolution
		Debug|Any CPU = Debug|Any CPU
		Release|Any CPU = Release|Any CPU
	EndGlobalSection
	GlobalSection(ProjectConfigurationPlatforms) = postSolution
		{4368DF8F-FB8D-4382-94C6-456FBCEEA163}.Debug|Any CPU.ActiveCfg = Debug|Any CPU
		{4368DF8F-FB8D-4382-94C6-456FBCEEA163}.Debug|Any CPU.Build.0 = Debug|Any CPU
		{4368DF8F-FB8D-4382-94C6-456FBCEEA163}.Release|Any CPU.ActiveCfg = Release|Any CPU
		{4368DF8F-FB8D-4382-94C6-456FBCEEA163}.Release|Any CPU.Build.0 = Release|Any CPU
		{18278EC7-1B22-4181-AD6F-BE98D3D66B58}.Debug|Any CPU.ActiveCfg = Debug
		{18278EC7-1B22-4181-AD6F-BE98D3D66B58}.Release|Any CPU.ActiveCfg = Release
	EndGlobalSection
	GlobalSection(SolutionProperties) = preSolution
		HideSolutionNode = FALSE
	EndGlobalSection
	GlobalSection(ExtensibilityGlobals) = postSolution
		SolutionGuid = {C773BC2E-F8BF-4E54-B096-E4D693F59C49}
	EndGlobalSection
EndGlobal
